
Microsoft Visual Studio Solution File, Format Version 12.00
# Visual Studio Version 17
VisualStudioVersion = 17.0.31903.59
MinimumVisualStudioVersion = 10.0.40219.1
Project("{FAE04EC0-301F-11D3-BF4B-00C04F79EFBC}") = "Console File Manager Net Framework", "Console File Manager Net Framework.csproj", "{6E49F6A9-E17B-4980-886D-0DA82D18D160}"
EndProject
Global
	GlobalSection(SolutionConfigurationPlatforms) = preSolution
		Debug|Any CPU = Debug|Any CPU
		Release|Any CPU = Release|Any CPU
	EndGlobalSection
	GlobalSection(ProjectConfigurationPlatforms) = postSolution
		{6E49F6A9-E17B-4980-886D-0DA82D18D160}.Debug|Any CPU.ActiveCfg = Debug|Any CPU
		{6E49F6A9-E17B-4980-886D-0DA82D18D160}.Debug|Any CPU.Build.0 = Debug|Any CPU
		{6E49F6A9-E17B-4980-886D-0DA82D18D160}.Release|Any CPU.ActiveCfg = Release|Any CPU
		{6E49F6A9-E17B-4980-886D-0DA82D18D160}.Release|Any CPU.Build.0 = Release|Any CPU
	EndGlobalSection
	GlobalSection(SolutionProperties) = preSolution
		HideSolutionNode = FALSE
	EndGlobalSection
	GlobalSection(ExtensibilityGlobals) = postSolution
		SolutionGuid = {1FA2F6D9-B6E7-4FD9-811F-E420DFB0A544}
	EndGlobalSection
EndGlobal
